
Microsoft Visual Studio Solution File, Format Version 12.00
# Visual Studio Version 17
VisualStudioVersion = 17.9.34701.34
MinimumVisualStudioVersion = 10.0.40219.1
Project("{9A19103F-16F7-4668-BE54-9A1E7A4F7556}") = "Entities", "Entities\Entities.csproj", "{BF1E7DB2-B601-49B4-9477-77C2BC544C23}"
EndProject
Project("{9A19103F-16F7-4668-BE54-9A1E7A4F7556}") = "DataAccess", "DataAccess\DataAccess.csproj", "{4557251D-517C-472F-9D58-5202B0E86D28}"
EndProject
Project("{9A19103F-16F7-4668-BE54-9A1E7A4F7556}") = "Business", "Business\Business.csproj", "{DDBBDF4A-CF02-4BFB-830E-ECFBBC8933B9}"
EndProject
Project("{9A19103F-16F7-4668-BE54-9A1E7A4F7556}") = "ConsoleUI", "ConsoleUI\ConsoleUI.csproj", "{7412D834-01E6-45BF-9C79-2FC33DDB7C21}"
EndProject
Global
	GlobalSection(SolutionConfigurationPlatforms) = preSolution
		Debug|Any CPU = Debug|Any CPU
		Release|Any CPU = Release|Any CPU
	EndGlobalSection
	GlobalSection(ProjectConfigurationPlatforms) = postSolution
		{BF1E7DB2-B601-49B4-9477-77C2BC544C23}.Debug|Any CPU.ActiveCfg = Debug|Any CPU
		{BF1E7DB2-B601-49B4-9477-77C2BC544C23}.Debug|Any CPU.Build.0 = Debug|Any CPU
		{BF1E7DB2-B601-49B4-9477-77C2BC544C23}.Release|Any CPU.ActiveCfg = Release|Any CPU
		{BF1E7DB2-B601-49B4-9477-77C2BC544C23}.Release|Any CPU.Build.0 = Release|Any CPU
		{4557251D-517C-472F-9D58-5202B0E86D28}.Debug|Any CPU.ActiveCfg = Debug|Any CPU
		{4557251D-517C-472F-9D58-5202B0E86D28}.Debug|Any CPU.Build.0 = Debug|Any CPU
		{4557251D-517C-472F-9D58-5202B0E86D28}.Release|Any CPU.ActiveCfg = Release|Any CPU
		{4557251D-517C-472F-9D58-5202B0E86D28}.Release|Any CPU.Build.0 = Release|Any CPU
		{DDBBDF4A-CF02-4BFB-830E-ECFBBC8933B9}.Debug|Any CPU.ActiveCfg = Debug|Any CPU
		{DDBBDF4A-CF02-4BFB-830E-ECFBBC8933B9}.Debug|Any CPU.Build.0 = Debug|Any CPU
		{DDBBDF4A-CF02-4BFB-830E-ECFBBC8933B9}.Release|Any CPU.ActiveCfg = Release|Any CPU
		{DDBBDF4A-CF02-4BFB-830E-ECFBBC8933B9}.Release|Any CPU.Build.0 = Release|Any CPU
		{7412D834-01E6-45BF-9C79-2FC33DDB7C21}.Debug|Any CPU.ActiveCfg = Debug|Any CPU
		{7412D834-01E6-45BF-9C79-2FC33DDB7C21}.Debug|Any CPU.Build.0 = Debug|Any CPU
		{7412D834-01E6-45BF-9C79-2FC33DDB7C21}.Release|Any CPU.ActiveCfg = Release|Any CPU
		{7412D834-01E6-45BF-9C79-2FC33DDB7C21}.Release|Any CPU.Build.0 = Release|Any CPU
	EndGlobalSection
	GlobalSection(SolutionProperties) = preSolution
		HideSolutionNode = FALSE
	EndGlobalSection
	GlobalSection(ExtensibilityGlobals) = postSolution
		SolutionGuid = {08C97856-4A22-41C2-A144-F98C586CF55B}
	EndGlobalSection
EndGlobal
